
Microsoft Visual Studio Solution File, Format Version 12.00
# Visual Studio Version 17
VisualStudioVersion = 17.3.32825.248
MinimumVisualStudioVersion = 10.0.40219.1
Project("{9A19103F-16F7-4668-BE54-9A1E7A4F7556}") = "RnCore.Logging", "RnCore.Logging\RnCore.Logging.csproj", "{9B027196-E8B3-4718-8893-FF06733D6A6E}"
EndProject
Project("{FAE04EC0-301F-11D3-BF4B-00C04F79EFBC}") = "RnCore.LoggingTests", "..\tests\RnCore.LoggingTests\RnCore.LoggingTests.csproj", "{CF43DBD0-2193-42AA-8D74-070113C27F46}"
EndProject
Global
	GlobalSection(SolutionConfigurationPlatforms) = preSolution
		Debug|Any CPU = Debug|Any CPU
		Release|Any CPU = Release|Any CPU
	EndGlobalSection
	GlobalSection(ProjectConfigurationPlatforms) = postSolution
		{9B027196-E8B3-4718-8893-FF06733D6A6E}.Debug|Any CPU.ActiveCfg = Debug|Any CPU
		{9B027196-E8B3-4718-8893-FF06733D6A6E}.Debug|Any CPU.Build.0 = Debug|Any CPU
		{9B027196-E8B3-4718-8893-FF06733D6A6E}.Release|Any CPU.ActiveCfg = Release|Any CPU
		{9B027196-E8B3-4718-8893-FF06733D6A6E}.Release|Any CPU.Build.0 = Release|Any CPU
		{CF43DBD0-2193-42AA-8D74-070113C27F46}.Debug|Any CPU.ActiveCfg = Debug|Any CPU
		{CF43DBD0-2193-42AA-8D74-070113C27F46}.Debug|Any CPU.Build.0 = Debug|Any CPU
		{CF43DBD0-2193-42AA-8D74-070113C27F46}.Release|Any CPU.ActiveCfg = Release|Any CPU
		{CF43DBD0-2193-42AA-8D74-070113C27F46}.Release|Any CPU.Build.0 = Release|Any CPU
	EndGlobalSection
	GlobalSection(SolutionProperties) = preSolution
		HideSolutionNode = FALSE
	EndGlobalSection
	GlobalSection(ExtensibilityGlobals) = postSolution
		SolutionGuid = {4A2D25A2-824F-4151-9598-92EAD6D7387F}
	EndGlobalSection
EndGlobal
